
Microsoft Visual Studio Solution File, Format Version 12.00
# Visual Studio Version 17
VisualStudioVersion = 17.0.32014.148
MinimumVisualStudioVersion = 10.0.40219.1
Project("{9A19103F-16F7-4668-BE54-9A1E7A4F7556}") = "ModComponentExtractor", "ModComponentExtractor\ModComponentExtractor.csproj", "{294F8A94-4169-4FA5-87C3-E8EDC5D765E2}"
EndProject
Global
	GlobalSection(SolutionConfigurationPlatforms) = preSolution
		Debug|Any CPU = Debug|Any CPU
		Release|Any CPU = Release|Any CPU
	EndGlobalSection
	GlobalSection(ProjectConfigurationPlatforms) = postSolution
		{294F8A94-4169-4FA5-87C3-E8EDC5D765E2}.Debug|Any CPU.ActiveCfg = Debug|Any CPU
		{294F8A94-4169-4FA5-87C3-E8EDC5D765E2}.Debug|Any CPU.Build.0 = Debug|Any CPU
		{294F8A94-4169-4FA5-87C3-E8EDC5D765E2}.Release|Any CPU.ActiveCfg = Release|Any CPU
		{294F8A94-4169-4FA5-87C3-E8EDC5D765E2}.Release|Any CPU.Build.0 = Release|Any CPU
	EndGlobalSection
	GlobalSection(SolutionProperties) = preSolution
		HideSolutionNode = FALSE
	EndGlobalSection
	GlobalSection(ExtensibilityGlobals) = postSolution
		SolutionGuid = {98DD88B8-3B7A-4AC8-BF1C-48397E04A030}
	EndGlobalSection
EndGlobal
